
Microsoft Visual Studio Solution File, Format Version 12.00
# Visual Studio Version 17
VisualStudioVersion = 17.6.33829.357
MinimumVisualStudioVersion = 10.0.40219.1
Project("{FAE04EC0-301F-11D3-BF4B-00C04F79EFBC}") = "TranningDemoProject", "TranningDemoProject\TranningDemoProject.csproj", "{C5196283-DD18-4379-A08F-341905EC1D73}"
EndProject
Global
	GlobalSection(SolutionConfigurationPlatforms) = preSolution
		Debug|Any CPU = Debug|Any CPU
		Release|Any CPU = Release|Any CPU
	EndGlobalSection
	GlobalSection(ProjectConfigurationPlatforms) = postSolution
		{C5196283-DD18-4379-A08F-341905EC1D73}.Debug|Any CPU.ActiveCfg = Debug|Any CPU
		{C5196283-DD18-4379-A08F-341905EC1D73}.Debug|Any CPU.Build.0 = Debug|Any CPU
		{C5196283-DD18-4379-A08F-341905EC1D73}.Release|Any CPU.ActiveCfg = Release|Any CPU
		{C5196283-DD18-4379-A08F-341905EC1D73}.Release|Any CPU.Build.0 = Release|Any CPU
	EndGlobalSection
	GlobalSection(SolutionProperties) = preSolution
		HideSolutionNode = FALSE
	EndGlobalSection
	GlobalSection(ExtensibilityGlobals) = postSolution
		SolutionGuid = {CE2EDC68-EF81-43E0-AA58-3728327ADF00}
	EndGlobalSection
EndGlobal
